// !$*UTF8*$!
{
	archiveVersion = 1;
	classes = {
	};
	objectVersion = 46;
	objects = {

/* Begin PBXBuildFile section */
		C56745551E961B160060ABA8 /* main.m in Sources */ = {isa = PBXBuildFile; fileRef = C56745541E961B160060ABA8 /* main.m */; };
		C56745581E961B160060ABA8 /* AppDelegate.m in Sources */ = {isa = PBXBuildFile; fileRef = C56745571E961B160060ABA8 /* AppDelegate.m */; };
		C567455B1E961B160060ABA8 /* ViewController.m in Sources */ = {isa = PBXBuildFile; fileRef = C567455A1E961B160060ABA8 /* ViewController.m */; };
		C567455E1E961B160060ABA8 /* Main.storyboard in Resources */ = {isa = PBXBuildFile; fileRef = C567455C1E961B160060ABA8 /* Main.storyboard */; };
		C56745601E961B160060ABA8 /* Assets.xcassets in Resources */ = {isa = PBXBuildFile; fileRef = C567455F1E961B160060ABA8 /* Assets.xcassets */; };
		C56745631E961B160060ABA8 /* LaunchScreen.storyboard in Resources */ = {isa = PBXBuildFile; fileRef = C56745611E961B160060ABA8 /* LaunchScreen.storyboard */; };
		C567456E1E961B160060ABA8 /* DuihaoTests.m in Sources */ = {isa = PBXBuildFile; fileRef = C567456D1E961B160060ABA8 /* DuihaoTests.m */; };
		C56745791E961B160060ABA8 /* DuihaoUITests.m in Sources */ = {isa = PBXBuildFile; fileRef = C56745781E961B160060ABA8 /* DuihaoUITests.m */; };
		C56745881E961B8E0060ABA8 /* sucessView.m in Sources */ = {isa = PBXBuildFile; fileRef = C56745871E961B8E0060ABA8 /* sucessView.m */; };
		C59055301E9764DA00FE7DE1 /* red_pocket.caf in Resources */ = {isa = PBXBuildFile; fileRef = C590552F1E9764DA00FE7DE1 /* red_pocket.caf */; };
		C59055331E9B2A0F00FE7DE1 /* AVFoundation.framework in Frameworks */ = {isa = PBXBuildFile; fileRef = C59055321E9B2A0F00FE7DE1 /* AVFoundation.framework */; };
		C59055351E9B2A2200FE7DE1 /* Speech.framework in Frameworks */ = {isa = PBXBuildFile; fileRef = C59055341E9B2A2200FE7DE1 /* Speech.framework */; };
/* End PBXBuildFile section */

/* Begin PBXContainerItemProxy section */
		C567456A1E961B160060ABA8 /* PBXContainerItemProxy */ = {
			isa = PBXContainerItemProxy;
			containerPortal = C56745481E961B160060ABA8 /* Project object */;
			proxyType = 1;
			remoteGlobalIDString = C567454F1E961B160060ABA8;
			remoteInfo = Duihao;
		};
		C56745751E961B160060ABA8 /* PBXContainerItemProxy */ = {
			isa = PBXContainerItemProxy;
			containerPortal = C56745481E961B160060ABA8 /* Project object */;
			proxyType = 1;
			remoteGlobalIDString = C567454F1E961B160060ABA8;
			remoteInfo = Duihao;
		};
/* End PBXContainerItemProxy section */

/* Begin PBXFileReference section */
		C56745501E961B160060ABA8 /* Duihao.app */ = {isa = PBXFileReference; explicitFileType = wrapper.application; includeInIndex = 0; path = Duihao.app; sourceTree = BUILT_PRODUCTS_DIR; };
		C56745541E961B160060ABA8 /* main.m */ = {isa = PBXFileReference; lastKnownFileType = sourcecode.c.objc; path = main.m; sourceTree = "<group>"; };
		C56745561E961B160060ABA8 /* AppDelegate.h */ = {isa = PBXFileReference; lastKnownFileType = sourcecode.c.h; path = AppDelegate.h; sourceTree = "<group>"; };
		C56745571E961B160060ABA8 /* AppDelegate.m */ = {isa = PBXFileReference; lastKnownFileType = sourcecode.c.objc; path = AppDelegate.m; sourceTree = "<group>"; };
		C56745591E961B160060ABA8 /* ViewController.h */ = {isa = PBXFileReference; lastKnownFileType = sourcecode.c.h; path = ViewController.h; sourceTree = "<group>"; };
		C567455A1E961B160060ABA8 /* ViewController.m */ = {isa = PBXFileReference; lastKnownFileType = sourcecode.c.objc; path = ViewController.m; sourceTree = "<group>"; };
		C567455D1E961B160060ABA8 /* Base */ = {isa = PBXFileReference; lastKnownFileType = file.storyboard; name = Base; path = Base.lproj/Main.storyboard; sourceTree = "<group>"; };
		C567455F1E961B160060ABA8 /* Assets.xcassets */ = {isa = PBXFileReference; lastKnownFileType = folder.assetcatalog; path = Assets.xcassets; sourceTree = "<group>"; };
		C56745621E961B160060ABA8 /* Base */ = {isa = PBXFileReference; lastKnownFileType = file.storyboard; name = Base; path = Base.lproj/LaunchScreen.storyboard; sourceTree = "<group>"; };
		C56745641E961B160060ABA8 /* Info.plist */ = {isa = PBXFileReference; lastKnownFileType = text.plist.xml; path = Info.plist; sourceTree = "<group>"; };
		C56745691E961B160060ABA8 /* DuihaoTests.xctest */ = {isa = PBXFileReference; explicitFileType = wrapper.cfbundle; includeInIndex = 0; path = DuihaoTests.xctest; sourceTree = BUILT_PRODUCTS_DIR; };
		C567456D1E961B160060ABA8 /* DuihaoTests.m */ = {isa = PBXFileReference; lastKnownFileType = sourcecode.c.objc; path = DuihaoTests.m; sourceTree = "<group>"; };
		C567456F1E961B160060ABA8 /* Info.plist */ = {isa = PBXFileReference; lastKnownFileType = text.plist.xml; path = Info.plist; sourceTree = "<group>"; };
		C56745741E961B160060ABA8 /* DuihaoUITests.xctest */ = {isa = PBXFileReference; explicitFileType = wrapper.cfbundle; includeInIndex = 0; path = DuihaoUITests.xctest; sourceTree = BUILT_PRODUCTS_DIR; };
		C56745781E961B160060ABA8 /* DuihaoUITests.m */ = {isa = PBXFileReference; lastKnownFileType = sourcecode.c.objc; path = DuihaoUITests.m; sourceTree = "<group>"; };
		C567457A1E961B160060ABA8 /* Info.plist */ = {isa = PBXFileReference; lastKnownFileType = text.plist.xml; path = Info.plist; sourceTree = "<group>"; };
		C56745861E961B8E0060ABA8 /* sucessView.h */ = {isa = PBXFileReference; fileEncoding = 4; lastKnownFileType = sourcecode.c.h; path = sucessView.h; sourceTree = "<group>"; };
		C56745871E961B8E0060ABA8 /* sucessView.m */ = {isa = PBXFileReference; fileEncoding = 4; lastKnownFileType = sourcecode.c.objc; path = sucessView.m; sourceTree = "<group>"; };
		C590552F1E9764DA00FE7DE1 /* red_pocket.caf */ = {isa = PBXFileReference; lastKnownFileType = file; path = red_pocket.caf; sourceTree = "<group>"; };
		C59055321E9B2A0F00FE7DE1 /* AVFoundation.framework */ = {isa = PBXFileReference; lastKnownFileType = wrapper.framework; name = AVFoundation.framework; path = System/Library/Frameworks/AVFoundation.framework; sourceTree = SDKROOT; };
		C59055341E9B2A2200FE7DE1 /* Speech.framework */ = {isa = PBXFileReference; lastKnownFileType = wrapper.framework; name = Speech.framework; path = System/Library/Frameworks/Speech.framework; sourceTree = SDKROOT; };
/* End PBXFileReference section */

/* Begin PBXFrameworksBuildPhase section */
		C567454D1E961B160060ABA8 /* Frameworks */ = {
			isa = PBXFrameworksBuildPhase;
			buildActionMask = 2147483647;
			files = (
				C59055351E9B2A2200FE7DE1 /* Speech.framework in Frameworks */,
				C59055331E9B2A0F00FE7DE1 /* AVFoundation.framework in Frameworks */,
			);
			runOnlyForDeploymentPostprocessing = 0;
		};
		C56745661E961B160060ABA8 /* Frameworks */ = {
			isa = PBXFrameworksBuildPhase;
			buildActionMask = 2147483647;
			files = (
			);
			runOnlyForDeploymentPostprocessing = 0;
		};
		C56745711E961B160060ABA8 /* Frameworks */ = {
			isa = PBXFrameworksBuildPhase;
			buildActionMask = 2147483647;
			files = (
			);
			runOnlyForDeploymentPostprocessing = 0;
		};
/* End PBXFrameworksBuildPhase section */

/* Begin PBXGroup section */
		C56745471E961B150060ABA8 = {
			isa = PBXGroup;
			children = (
				C56745521E961B160060ABA8 /* Duihao */,
				C567456C1E961B160060ABA8 /* DuihaoTests */,
				C56745771E961B160060ABA8 /* DuihaoUITests */,
				C56745511E961B160060ABA8 /* Products */,
				C59055311E9B2A0F00FE7DE1 /* Frameworks */,
			);
			sourceTree = "<group>";
		};
		C56745511E961B160060ABA8 /* Products */ = {
			isa = PBXGroup;
			children = (
				C56745501E961B160060ABA8 /* Duihao.app */,
				C56745691E961B160060ABA8 /* DuihaoTests.xctest */,
				C56745741E961B160060ABA8 /* DuihaoUITests.xctest */,
			);
			name = Products;
			sourceTree = "<group>";
		};
		C56745521E961B160060ABA8 /* Duihao */ = {
			isa = PBXGroup;
			children = (
				C590552F1E9764DA00FE7DE1 /* red_pocket.caf */,
				C56745561E961B160060ABA8 /* AppDelegate.h */,
				C56745571E961B160060ABA8 /* AppDelegate.m */,
				C56745591E961B160060ABA8 /* ViewController.h */,
				C567455A1E961B160060ABA8 /* ViewController.m */,
				C567455C1E961B160060ABA8 /* Main.storyboard */,
				C567455F1E961B160060ABA8 /* Assets.xcassets */,
				C56745611E961B160060ABA8 /* LaunchScreen.storyboard */,
				C56745641E961B160060ABA8 /* Info.plist */,
				C56745531E961B160060ABA8 /* Supporting Files */,
				C56745861E961B8E0060ABA8 /* sucessView.h */,
				C56745871E961B8E0060ABA8 /* sucessView.m */,
			);
			path = Duihao;
			sourceTree = "<group>";
		};
		C56745531E961B160060ABA8 /* Supporting Files */ = {
			isa = PBXGroup;
			children = (
				C56745541E961B160060ABA8 /* main.m */,
			);
			name = "Supporting Files";
			sourceTree = "<group>";
		};
		C567456C1E961B160060ABA8 /* DuihaoTests */ = {
			isa = PBXGroup;
			children = (
				C567456D1E961B160060ABA8 /* DuihaoTests.m */,
				C567456F1E961B160060ABA8 /* Info.plist */,
			);
			path = DuihaoTests;
			sourceTree = "<group>";
		};
		C56745771E961B160060ABA8 /* DuihaoUITests */ = {
			isa = PBXGroup;
			children = (
				C56745781E961B160060ABA8 /* DuihaoUITests.m */,
				C567457A1E961B160060ABA8 /* Info.plist */,
			);
			path = DuihaoUITests;
			sourceTree = "<group>";
		};
		C59055311E9B2A0F00FE7DE1 /* Frameworks */ = {
			isa = PBXGroup;
			children = (
				C59055341E9B2A2200FE7DE1 /* Speech.framework */,
				C59055321E9B2A0F00FE7DE1 /* AVFoundation.framework */,
			);
			name = Frameworks;
			sourceTree = "<group>";
		};
/* End PBXGroup section */

/* Begin PBXNativeTarget section */
		C567454F1E961B160060ABA8 /* Duihao */ = {
			isa = PBXNativeTarget;
			buildConfigurationList = C567457D1E961B160060ABA8 /* Build configuration list for PBXNativeTarget "Duihao" */;
			buildPhases = (
				C567454C1E961B160060ABA8 /* Sources */,
				C567454D1E961B160060ABA8 /* Frameworks */,
				C567454E1E961B160060ABA8 /* Resources */,
			);
			buildRules = (
			);
			dependencies = (
			);
			name = Duihao;
			productName = Duihao;
			productReference = C56745501E961B160060ABA8 /* Duihao.app */;
			productType = "com.apple.product-type.application";
		};
		C56745681E961B160060ABA8 /* DuihaoTests */ = {
			isa = PBXNativeTarget;
			buildConfigurationList = C56745801E961B160060ABA8 /* Build configuration list for PBXNativeTarget "DuihaoTests" */;
			buildPhases = (
				C56745651E961B160060ABA8 /* Sources */,
				C56745661E961B160060ABA8 /* Frameworks */,
				C56745671E961B160060ABA8 /* Resources */,
			);
			buildRules = (
			);
			dependencies = (
				C567456B1E961B160060ABA8 /* PBXTargetDependency */,
			);
			name = DuihaoTests;
			productName = DuihaoTests;
			productReference = C56745691E961B160060ABA8 /* DuihaoTests.xctest */;
			productType = "com.apple.product-type.bundle.unit-test";
		};
		C56745731E961B160060ABA8 /* DuihaoUITests */ = {
			isa = PBXNativeTarget;
			buildConfigurationList = C56745831E961B160060ABA8 /* Build configuration list for PBXNativeTarget "DuihaoUITests" */;
			buildPhases = (
				C56745701E961B160060ABA8 /* Sources */,
				C56745711E961B160060ABA8 /* Frameworks */,
				C56745721E961B160060ABA8 /* Resources */,
			);
			buildRules = (
			);
			dependencies = (
				C56745761E961B160060ABA8 /* PBXTargetDependency */,
			);
			name = DuihaoUITests;
			productName = DuihaoUITests;
			productReference = C56745741E961B160060ABA8 /* DuihaoUITests.xctest */;
			productType = "com.apple.product-type.bundle.ui-testing";
		};
/* End PBXNativeTarget section */

/* Begin PBXProject section */
		C56745481E961B160060ABA8 /* Project object */ = {
			isa = PBXProject;
			attributes = {
				LastUpgradeCheck = 0800;
				ORGANIZATIONNAME = lidongfang;
				TargetAttributes = {
					C567454F1E961B160060ABA8 = {
						CreatedOnToolsVersion = 8.0;
						DevelopmentTeam = J6HTH2R28B;
						ProvisioningStyle = Automatic;
					};
					C56745681E961B160060ABA8 = {
						CreatedOnToolsVersion = 8.0;
						ProvisioningStyle = Automatic;
						TestTargetID = C567454F1E961B160060ABA8;
					};
					C56745731E961B160060ABA8 = {
						CreatedOnToolsVersion = 8.0;
						ProvisioningStyle = Automatic;
						TestTargetID = C567454F1E961B160060ABA8;
					};
				};
			};
			buildConfigurationList = C567454B1E961B160060ABA8 /* Build configuration list for PBXProject "Duihao" */;
			compatibilityVersion = "Xcode 3.2";
			developmentRegion = English;
			hasScannedForEncodings = 0;
			knownRegions = (
				en,
				Base,
			);
			mainGroup = C56745471E961B150060ABA8;
			productRefGroup = C56745511E961B160060ABA8 /* Products */;
			projectDirPath = "";
			projectRoot = "";
			targets = (
				C567454F1E961B160060ABA8 /* Duihao */,
				C56745681E961B160060ABA8 /* DuihaoTests */,
				C56745731E961B160060ABA8 /* DuihaoUITests */,
			);
		};
/* End PBXProject section */

/* Begin PBXResourcesBuildPhase section */
		C567454E1E961B160060ABA8 /* Resources */ = {
			isa = PBXResourcesBuildPhase;
			buildActionMask = 2147483647;
			files = (
				C56745631E961B160060ABA8 /* LaunchScreen.storyboard in Resources */,
				C56745601E961B160060ABA8 /* Assets.xcassets in Resources */,
				C59055301E9764DA00FE7DE1 /* red_pocket.caf in Resources */,
				C567455E1E961B160060ABA8 /* Main.storyboard in Resources */,
			);
			runOnlyForDeploymentPostprocessing = 0;
		};
		C56745671E961B160060ABA8 /* Resources */ = {
			isa = PBXResourcesBuildPhase;
			buildActionMask = 2147483647;
			files = (
			);
			runOnlyForDeploymentPostprocessing = 0;
		};
		C56745721E961B160060ABA8 /* Resources */ = {
			isa = PBXResourcesBuildPhase;
			buildActionMask = 2147483647;
			files = (
			);
			runOnlyForDeploymentPostprocessing = 0;
		};
/* End PBXResourcesBuildPhase section */

/* Begin PBXSourcesBuildPhase section */
		C567454C1E961B160060ABA8 /* Sources */ = {
			isa = PBXSourcesBuildPhase;
			buildActionMask = 2147483647;
			files = (
				C56745881E961B8E0060ABA8 /* sucessView.m in Sources */,
				C567455B1E961B160060ABA8 /* ViewController.m in Sources */,
				C56745581E961B160060ABA8 /* AppDelegate.m in Sources */,
				C56745551E961B160060ABA8 /* main.m in Sources */,
			);
			runOnlyForDeploymentPostprocessing = 0;
		};
		C56745651E961B160060ABA8 /* Sources */ = {
			isa = PBXSourcesBuildPhase;
			buildActionMask = 2147483647;
			files = (
				C567456E1E961B160060ABA8 /* DuihaoTests.m in Sources */,
			);
			runOnlyForDeploymentPostprocessing = 0;
		};
		C56745701E961B160060ABA8 /* Sources */ = {
			isa = PBXSourcesBuildPhase;
			buildActionMask = 2147483647;
			files = (
				C56745791E961B160060ABA8 /* DuihaoUITests.m in Sources */,
			);
			runOnlyForDeploymentPostprocessing = 0;
		};
/* End PBXSourcesBuildPhase section */

/* Begin PBXTargetDependency section */
		C567456B1E961B160060ABA8 /* PBXTargetDependency */ = {
			isa = PBXTargetDependency;
			target = C567454F1E961B160060ABA8 /* Duihao */;
			targetProxy = C567456A1E961B160060ABA8 /* PBXContainerItemProxy */;
		};
		C56745761E961B160060ABA8 /* PBXTargetDependency */ = {
			isa = PBXTargetDependency;
			target = C567454F1E961B160060ABA8 /* Duihao */;
			targetProxy = C56745751E961B160060ABA8 /* PBXContainerItemProxy */;
		};
/* End PBXTargetDependency section */

/* Begin PBXVariantGroup section */
		C567455C1E961B160060ABA8 /* Main.storyboard */ = {
			isa = PBXVariantGroup;
			children = (
				C567455D1E961B160060ABA8 /* Base */,
			);
			name = Main.storyboard;
			sourceTree = "<group>";
		};
		C56745611E961B160060ABA8 /* LaunchScreen.storyboard */ = {
			isa = PBXVariantGroup;
			children = (
				C56745621E961B160060ABA8 /* Base */,
			);
			name = LaunchScreen.storyboard;
			sourceTree = "<group>";
		};
/* End PBXVariantGroup section */

/* Begin XCBuildConfiguration section */
		C567457B1E961B160060ABA8 /* Debug */ = {
			isa = XCBuildConfiguration;
			buildSettings = {
				ALWAYS_SEARCH_USER_PATHS = NO;
				CLANG_ANALYZER_NONNULL = YES;
				CLANG_CXX_LANGUAGE_STANDARD = "gnu++0x";
				CLANG_CXX_LIBRARY = "libc++";
				CLANG_ENABLE_MODULES = YES;
				CLANG_ENABLE_OBJC_ARC = YES;
				CLANG_WARN_BOOL_CONVERSION = YES;
				CLANG_WARN_CONSTANT_CONVERSION = YES;
				CLANG_WARN_DIRECT_OBJC_ISA_USAGE = YES_ERROR;
				CLANG_WARN_DOCUMENTATION_COMMENTS = YES;
				CLANG_WARN_EMPTY_BODY = YES;
				CLANG_WARN_ENUM_CONVERSION = YES;
				CLANG_WARN_INFINITE_RECURSION = YES;
				CLANG_WARN_INT_CONVERSION = YES;
				CLANG_WARN_OBJC_ROOT_CLASS = YES_ERROR;
				CLANG_WARN_SUSPICIOUS_MOVES = YES;
				CLANG_WARN_UNREACHABLE_CODE = YES;
				CLANG_WARN__DUPLICATE_METHOD_MATCH = YES;
				"CODE_SIGN_IDENTITY[sdk=iphoneos*]" = "iPhone Developer";
				COPY_PHASE_STRIP = NO;
				DEBUG_INFORMATION_FORMAT = dwarf;
				ENABLE_STRICT_OBJC_MSGSEND = YES;
				ENABLE_TESTABILITY = YES;
				GCC_C_LANGUAGE_STANDARD = gnu99;
				GCC_DYNAMIC_NO_PIC = NO;
				GCC_NO_COMMON_BLOCKS = YES;
				GCC_OPTIMIZATION_LEVEL = 0;
				GCC_PREPROCESSOR_DEFINITIONS = (
					"DEBUG=1",
					"$(inherited)",
				);
				GCC_WARN_64_TO_32_BIT_CONVERSION = YES;
				GCC_WARN_ABOUT_RETURN_TYPE = YES_ERROR;
				GCC_WARN_UNDECLARED_SELECTOR = YES;
				GCC_WARN_UNINITIALIZED_AUTOS = YES_AGGRESSIVE;
				GCC_WARN_UNUSED_FUNCTION = YES;
				GCC_WARN_UNUSED_VARIABLE = YES;
				IPHONEOS_DEPLOYMENT_TARGET = 10.0;
				MTL_ENABLE_DEBUG_INFO = YES;
				ONLY_ACTIVE_ARCH = YES;
				SDKROOT = iphoneos;
				TARGETED_DEVICE_FAMILY = "1,2";
			};
			name = Debug;
		};
		C567457C1E961B160060ABA8 /* Release */ = {
			isa = XCBuildConfiguration;
			buildSettings = {
				ALWAYS_SEARCH_USER_PATHS = NO;
				CLANG_ANALYZER_NONNULL = YES;
				CLANG_CXX_LANGUAGE_STANDARD = "gnu++0x";
				CLANG_CXX_LIBRARY = "libc++";
				CLANG_ENABLE_MODULES = YES;
				CLANG_ENABLE_OBJC_ARC = YES;
				CLANG_WARN_BOOL_CONVERSION = YES;
				CLANG_WARN_CONSTANT_CONVERSION = YES;
				CLANG_WARN_DIRECT_OBJC_ISA_USAGE = YES_ERROR;
				CLANG_WARN_DOCUMENTATION_COMMENTS = YES;
				CLANG_WARN_EMPTY_BODY = YES;
				CLANG_WARN_ENUM_CONVERSION = YES;
				CLANG_WARN_INFINITE_RECURSION = YES;
				CLANG_WARN_INT_CONVERSION = YES;
				CLANG_WARN_OBJC_ROOT_CLASS = YES_ERROR;
				CLANG_WARN_SUSPICIOUS_MOVES = YES;
				CLANG_WARN_UNREACHABLE_CODE = YES;
				CLANG_WARN__DUPLICATE_METHOD_MATCH = YES;
				"CODE_SIGN_IDENTITY[sdk=iphoneos*]" = "iPhone Developer";
				COPY_PHASE_STRIP = NO;
				DEBUG_INFORMATION_FORMAT = "dwarf-with-dsym";
				ENABLE_NS_ASSERTIONS = NO;
				ENABLE_STRICT_OBJC_MSGSEND = YES;
				GCC_C_LANGUAGE_STANDARD = gnu99;
				GCC_NO_COMMON_BLOCKS = YES;
				GCC_WARN_64_TO_32_BIT_CONVERSION = YES;
				GCC_WARN_ABOUT_RETURN_TYPE = YES_ERROR;
				GCC_WARN_UNDECLARED_SELECTOR = YES;
				GCC_WARN_UNINITIALIZED_AUTOS = YES_AGGRESSIVE;
				GCC_WARN_UNUSED_FUNCTION = YES;
				GCC_WARN_UNUSED_VARIABLE = YES;
				IPHONEOS_DEPLOYMENT_TARGET = 10.0;
				MTL_ENABLE_DEBUG_INFO = NO;
				SDKROOT = iphoneos;
				TARGETED_DEVICE_FAMILY = "1,2";
				VALIDATE_PRODUCT = YES;
			};
			name = Release;
		};
		C567457E1E961B160060ABA8 /* Debug */ = {
			isa = XCBuildConfiguration;
			buildSettings = {
				ASSETCATALOG_COMPILER_APPICON_NAME = AppIcon;
				"CODE_SIGN_IDENTITY[sdk=iphoneos*]" = "iPhone Developer";
				DEVELOPMENT_TEAM = J6HTH2R28B;
				INFOPLIST_FILE = Duihao/Info.plist;
				IPHONEOS_DEPLOYMENT_TARGET = 8.0;
				LD_RUNPATH_SEARCH_PATHS = "$(inherited) @executable_path/Frameworks";
				PRODUCT_BUNDLE_IDENTIFIER = cn.hk.adt;
				PRODUCT_NAME = "$(TARGET_NAME)";
				PROVISIONING_PROFILE = "";
				PROVISIONING_PROFILE_SPECIFIER = "";
				TARGETED_DEVICE_FAMILY = 1;
			};
			name = Debug;
		};
		C567457F1E961B160060ABA8 /* Release */ = {
			isa = XCBuildConfiguration;
			buildSettings = {
				ASSETCATALOG_COMPILER_APPICON_NAME = AppIcon;
				"CODE_SIGN_IDENTITY[sdk=iphoneos*]" = "iPhone Developer";
				DEVELOPMENT_TEAM = J6HTH2R28B;
				INFOPLIST_FILE = Duihao/Info.plist;
				IPHONEOS_DEPLOYMENT_TARGET = 8.0;
				LD_RUNPATH_SEARCH_PATHS = "$(inherited) @executable_path/Frameworks";
				PRODUCT_BUNDLE_IDENTIFIER = cn.hk.adt;
				PRODUCT_NAME = "$(TARGET_NAME)";
				PROVISIONING_PROFILE = "";
				PROVISIONING_PROFILE_SPECIFIER = "";
				TARGETED_DEVICE_FAMILY = 1;
			};
			name = Release;
		};
		C56745811E961B160060ABA8 /* Debug */ = {
			isa = XCBuildConfiguration;
			buildSettings = {
				BUNDLE_LOADER = "$(TEST_HOST)";
				INFOPLIST_FILE = DuihaoTests/Info.plist;
				LD_RUNPATH_SEARCH_PATHS = "$(inherited) @executable_path/Frameworks @loader_path/Frameworks";
				PRODUCT_BUNDLE_IDENTIFIER = ddg.DuihaoTests;
				PRODUCT_NAME = "$(TARGET_NAME)";
				TEST_HOST = "$(BUILT_PRODUCTS_DIR)/Duihao.app/Duihao";
			};
			name = Debug;
		};
		C56745821E961B160060ABA8 /* Release */ = {
			isa = XCBuildConfiguration;
			buildSettings = {
				BUNDLE_LOADER = "$(TEST_HOST)";
				INFOPLIST_FILE = DuihaoTests/Info.plist;
				LD_RUNPATH_SEARCH_PATHS = "$(inherited) @executable_path/Frameworks @loader_path/Frameworks";
				PRODUCT_BUNDLE_IDENTIFIER = ddg.DuihaoTests;
				PRODUCT_NAME = "$(TARGET_NAME)";
				TEST_HOST = "$(BUILT_PRODUCTS_DIR)/Duihao.app/Duihao";
			};
			name = Release;
		};
		C56745841E961B160060ABA8 /* Debug */ = {
			isa = XCBuildConfiguration;
			buildSettings = {
				INFOPLIST_FILE = DuihaoUITests/Info.plist;
				LD_RUNPATH_SEARCH_PATHS = "$(inherited) @executable_path/Frameworks @loader_path/Frameworks";
				PRODUCT_BUNDLE_IDENTIFIER = ddg.DuihaoUITests;
				PRODUCT_NAME = "$(TARGET_NAME)";
				TEST_TARGET_NAME = Duihao;
			};
			name = Debug;
		};
		C56745851E961B160060ABA8 /* Release */ = {
			isa = XCBuildConfiguration;
			buildSettings = {
				INFOPLIST_FILE = DuihaoUITests/Info.plist;
				LD_RUNPATH_SEARCH_PATHS = "$(inherited) @executable_path/Frameworks @loader_path/Frameworks";
				PRODUCT_BUNDLE_IDENTIFIER = ddg.DuihaoUITests;
				PRODUCT_NAME = "$(TARGET_NAME)";
				TEST_TARGET_NAME = Duihao;
			};
			name = Release;
		};
/* End XCBuildConfiguration section */

/* Begin XCConfigurationList section */
		C567454B1E961B160060ABA8 /* Build configuration list for PBXProject "Duihao" */ = {
			isa = XCConfigurationList;
			buildConfigurations = (
				C567457B1E961B160060ABA8 /* Debug */,
				C567457C1E961B160060ABA8 /* Release */,
			);
			defaultConfigurationIsVisible = 0;
			defaultConfigurationName = Release;
		};
		C567457D1E961B160060ABA8 /* Build configuration list for PBXNativeTarget "Duihao" */ = {
			isa = XCConfigurationList;
			buildConfigurations = (
				C567457E1E961B160060ABA8 /* Debug */,
				C567457F1E961B160060ABA8 /* Release */,
			);
			defaultConfigurationIsVisible = 0;
			defaultConfigurationName = Release;
		};
		C56745801E961B160060ABA8 /* Build configuration list for PBXNativeTarget "DuihaoTests" */ = {
			isa = XCConfigurationList;
			buildConfigurations = (
				C56745811E961B160060ABA8 /* Debug */,
				C56745821E961B160060ABA8 /* Release */,
			);
			defaultConfigurationIsVisible = 0;
			defaultConfigurationName = Release;
		};
		C56745831E961B160060ABA8 /* Build configuration list for PBXNativeTarget "DuihaoUITests" */ = {
			isa = XCConfigurationList;
			buildConfigurations = (
				C56745841E961B160060ABA8 /* Debug */,
				C56745851E961B160060ABA8 /* Release */,
			);
			defaultConfigurationIsVisible = 0;
			defaultConfigurationName = Release;
		};
/* End XCConfigurationList section */
	};
	rootObject = C56745481E961B160060ABA8 /* Project object */;
}
